# This file is created and managed by `unidep` 0.57.0.
# For details see https://github.com/basnijholt/unidep
# File generated with: `unidep conda-lock`
#
# This environment can be installed with
# `micromamba create -f conda-lock.yml -n myenv`
# This file is a `conda-lock` file generated via `unidep`.
# For details see https://conda.github.io/conda-lock/

version: 1
metadata:
  content_hash:
    linux-64: 11a6f074307ba82370baba155e11a1ced0f3a00ad7cbacbb77eab183a674a4cf
    osx-64: 9bb4eb74941203cc58383fea37a4c675c12e6930ff7387c7dc6aa41411f80411
    osx-arm64: 552951dccdcdd792d4de9a7a58adaacd3ac79043b39af8054b9666c8472b6d2e
  channels:
  - url: conda-forge
    used_env_vars: []
  - url: pytorch
    used_env_vars: []
  platforms:
  - linux-64
  - osx-64
  - osx-arm64
  sources:
  - tmp.environment.yaml
package:
- name: _libgcc_mutex
  version: '0.1'
  manager: conda
  platform: linux-64
  dependencies: {}
  url: https://conda.anaconda.org/conda-forge/linux-64/_libgcc_mutex-0.1-conda_forge.tar.bz2
  hash:
    md5: d7c89558ba9fa0495403155b64376d81
    sha256: fe51de6107f9edc7aa4f786a70f4a883943bc9d39b3bb7307c04c41410990726
  category: main
  optional: false
- name: _openmp_mutex
  version: '4.5'
  manager: conda
  platform: linux-64
  dependencies:
    _libgcc_mutex: '0.1'
    llvm-openmp: '>=9.0.1'
  url: https://conda.anaconda.org/conda-forge/linux-64/_openmp_mutex-4.5-2_kmp_llvm.tar.bz2
  hash:
    md5: 562b26ba2e19059551a811e72ab7f793
    sha256: 84a66275da3a66e3f3e70e9d8f10496d807d01a9e4ec16cd2274cc5e28c478fc
  category: main
  optional: false
- name: aiohttp
  version: 3.9.5
  manager: conda
  platform: linux-64
  dependencies:
    aiosignal: '>=1.1.2'
    attrs: '>=17.3.0'
    frozenlist: '>=1.1.1'
    libgcc-ng: '>=12'
    multidict: '>=4.5,<7.0'
    python: '>=3.10,<3.11.0a0'
    python_abi: 3.10.*
    yarl: '>=1.0,<2.0'
  url: https://conda.anaconda.org/conda-forge/linux-64/aiohttp-3.9.5-py312h98912ed_0.conda
  hash:
    md5: edc01db954d139fe398a5f378f96ab4d
    sha256: 4727041c2bf3ee90f1a3bba68f846f6ea34f59b292bf5bc390db3bc4ae56d315
  category: main
  optional: false
- name: aiohttp
  version: 3.9.5
  manager: conda
  platform: osx-64
  dependencies:
    aiosignal: '>=1.1.2'
    attrs: '>=17.3.0'
    frozenlist: '>=1.1.1'
    multidict: '>=4.5,<7.0'
    python: '>=3.10,<3.11.0a0'
    python_abi: 3.10.*
    yarl: '>=1.0,<2.0'
  url: https://conda.anaconda.org/conda-forge/osx-64/aiohttp-3.9.5-py310h41838bb_0.conda
  hash:
    md5: 559e0083034b5313393798e733f784bf
    sha256: fce6b95a067af67fc5bd04a7d3e95e49da32ee09585f36bfc9ecc0460d2044a6
  category: main
  optional: false
- name: aiohttp
  version: 3.9.5
  manager: conda
  platform: osx-arm64
  dependencies:
    aiosignal: '>=1.1.2'
    attrs: '>=17.3.0'
    frozenlist: '>=1.1.1'
    multidict: '>=4.5,<7.0'
    python: '>=3.10,<3.11.0a0'
    python_abi: 3.10.*
    yarl: '>=1.0,<2.0'
  url: https://conda.anaconda.org/conda-forge/osx-arm64/aiohttp-3.9.5-py310he37b823_0.conda
  hash:
    md5: 5b7aa6817d365896c16910bf7e78c099
    sha256: 98bebf4177a9b296eaac0e2b2541dc4e1d2c584a278cc15e7c03f910b75810f3
  category: main
  optional: false
- name: aiosignal
  version: 1.3.1
  manager: conda
  platform: linux-64
  dependencies:
    frozenlist: '>=1.1.0'
    python: '>=3.10'
  url: https://conda.anaconda.org/conda-forge/noarch/aiosignal-1.3.1-pyhd8ed1ab_0.tar.bz2
  hash:
    md5: d1e1eb7e21a9e2c74279d87dafb68156
    sha256: 575c742e14c86575986dc867463582a970463da50b77264cdf54df74f5563783
  category: main
  optional: false
- name: aiosignal
  version: 1.3.1
  manager: conda
  platform: osx-64
  dependencies:
    python: '>=3.10'
    frozenlist: '>=1.1.0'
  url: https://conda.anaconda.org/conda-forge/noarch/aiosignal-1.3.1-pyhd8ed1ab_0.tar.bz2
  hash:
    md5: d1e1eb7e21a9e2c74279d87dafb68156
    sha256: 575c742e14c86575986dc867463582a970463da50b77264cdf54df74f5563783
  category: main
  optional: false
- name: aiosignal
  version: 1.3.1
  manager: conda
  platform: osx-arm64
  dependencies:
    python: '>=3.10'
    frozenlist: '>=1.1.0'
  url: https://conda.anaconda.org/conda-forge/noarch/aiosignal-1.3.1-pyhd8ed1ab_0.tar.bz2
  hash:
    md5: d1e1eb7e21a9e2c74279d87dafb68156
    sha256: 575c742e14c86575986dc867463582a970463da50b77264cdf54df74f5563783
  category: main
  optional: false
- name: alsa-lib
  version: 1.2.12
  manager: conda
  platform: linux-64
  dependencies:
    libgcc-ng: '>=12'
  url: https://conda.anaconda.org/conda-forge/linux-64/alsa-lib-1.2.12-h4ab18f5_0.conda
  hash:
    md5: 7ed427f0871fd41cb1d9c17727c17589
    sha256: 64b95dd06d7ca6b54cea03b02da8f165
